// !$*UTF8*$!
{
	archiveVersion = 1;
	classes = {
	};
	objectVersion = 46;
	objects = {

/* Begin PBXBuildFile section */
		D5316BAD425D4DB0AF1A9361 /* libPods.a in Frameworks */ = {isa = PBXBuildFile; fileRef = 449EFFBCEB0F48E995AF2770 /* libPods.a */; };
		F428593317A55DB60047297B /* SystemConfiguration.framework in Frameworks */ = {isa = PBXBuildFile; fileRef = F428593217A55DB60047297B /* SystemConfiguration.framework */; };
		F428593517A55DBD0047297B /* MobileCoreServices.framework in Frameworks */ = {isa = PBXBuildFile; fileRef = F428593417A55DBD0047297B /* MobileCoreServices.framework */; };
		F4375FAF1823B92800E9672C /* LFMData+ImagesSmallToXL.m in Sources */ = {isa = PBXBuildFile; fileRef = F4375FAE1823B92800E9672C /* LFMData+ImagesSmallToXL.m */; };
		F447077D17A961D600C1D604 /* LFMAlbum.m in Sources */ = {isa = PBXBuildFile; fileRef = F447077C17A961D600C1D604 /* LFMAlbum.m */; };
		F447078017A9652D00C1D604 /* LFMAlbumTopAlbum.m in Sources */ = {isa = PBXBuildFile; fileRef = F447077F17A9652D00C1D604 /* LFMAlbumTopAlbum.m */; };
		F4A508541821A62D00D8179F /* LFMArtist.m in Sources */ = {isa = PBXBuildFile; fileRef = F4A508531821A62D00D8179F /* LFMArtist.m */; };
		F4A7C115179D7B1F00FB7CC3 /* UIKit.framework in Frameworks */ = {isa = PBXBuildFile; fileRef = F4A7C114179D7B1F00FB7CC3 /* UIKit.framework */; };
		F4A7C117179D7B1F00FB7CC3 /* Foundation.framework in Frameworks */ = {isa = PBXBuildFile; fileRef = F4A7C116179D7B1F00FB7CC3 /* Foundation.framework */; };
		F4A7C119179D7B1F00FB7CC3 /* CoreGraphics.framework in Frameworks */ = {isa = PBXBuildFile; fileRef = F4A7C118179D7B1F00FB7CC3 /* CoreGraphics.framework */; };
		F4A7C11F179D7B1F00FB7CC3 /* InfoPlist.strings in Resources */ = {isa = PBXBuildFile; fileRef = F4A7C11D179D7B1F00FB7CC3 /* InfoPlist.strings */; };
		F4A7C121179D7B1F00FB7CC3 /* main.m in Sources */ = {isa = PBXBuildFile; fileRef = F4A7C120179D7B1F00FB7CC3 /* main.m */; };
		F4A7C125179D7B1F00FB7CC3 /* AppDelegate.m in Sources */ = {isa = PBXBuildFile; fileRef = F4A7C124179D7B1F00FB7CC3 /* AppDelegate.m */; };
		F4A7C127179D7B1F00FB7CC3 /* Default.png in Resources */ = {isa = PBXBuildFile; fileRef = F4A7C126179D7B1F00FB7CC3 /* Default.png */; };
		F4A7C129179D7B1F00FB7CC3 /* Default@2x.png in Resources */ = {isa = PBXBuildFile; fileRef = F4A7C128179D7B1F00FB7CC3 /* Default@2x.png */; };
		F4A7C12B179D7B1F00FB7CC3 /* Default-568h@2x.png in Resources */ = {isa = PBXBuildFile; fileRef = F4A7C12A179D7B1F00FB7CC3 /* Default-568h@2x.png */; };
		F4A7C12E179D7B1F00FB7CC3 /* MainStoryboard.storyboard in Resources */ = {isa = PBXBuildFile; fileRef = F4A7C12C179D7B1F00FB7CC3 /* MainStoryboard.storyboard */; };
		F4ABF51417A8104000DEF135 /* LFMData.m in Sources */ = {isa = PBXBuildFile; fileRef = F4ABF51317A8104000DEF135 /* LFMData.m */; };
		F4ABF51817A8108100DEF135 /* LFMArtistInfo.m in Sources */ = {isa = PBXBuildFile; fileRef = F4ABF51717A8108100DEF135 /* LFMArtistInfo.m */; };
		F4ABF51B17A810DE00DEF135 /* LFMAlbumInfo.m in Sources */ = {isa = PBXBuildFile; fileRef = F4ABF51A17A810DE00DEF135 /* LFMAlbumInfo.m */; };
		F4ABF51E17A8111700DEF135 /* LFMArtistsTopAlbums.m in Sources */ = {isa = PBXBuildFile; fileRef = F4ABF51D17A8111700DEF135 /* LFMArtistsTopAlbums.m */; };
		F4ED9CE5179D7BE3007C038B /* LastFmFetchr.m in Sources */ = {isa = PBXBuildFile; fileRef = F4ED9CE4179D7BE3007C038B /* LastFmFetchr.m */; };
/* End PBXBuildFile section */

/* Begin PBXFileReference section */
		449EFFBCEB0F48E995AF2770 /* libPods.a */ = {isa = PBXFileReference; explicitFileType = archive.ar; includeInIndex = 0; path = libPods.a; sourceTree = BUILT_PRODUCTS_DIR; };
		F428593217A55DB60047297B /* SystemConfiguration.framework */ = {isa = PBXFileReference; lastKnownFileType = wrapper.framework; name = SystemConfiguration.framework; path = System/Library/Frameworks/SystemConfiguration.framework; sourceTree = SDKROOT; };
		F428593417A55DBD0047297B /* MobileCoreServices.framework */ = {isa = PBXFileReference; lastKnownFileType = wrapper.framework; name = MobileCoreServices.framework; path = System/Library/Frameworks/MobileCoreServices.framework; sourceTree = SDKROOT; };
		F4375FAD1823B92800E9672C /* LFMData+ImagesSmallToXL.h */ = {isa = PBXFileReference; fileEncoding = 4; lastKnownFileType = sourcecode.c.h; name = "LFMData+ImagesSmallToXL.h"; path = "../../LastFmFetchr/LFMData+ImagesSmallToXL.h"; sourceTree = "<group>"; };
		F4375FAE1823B92800E9672C /* LFMData+ImagesSmallToXL.m */ = {isa = PBXFileReference; fileEncoding = 4; lastKnownFileType = sourcecode.c.objc; name = "LFMData+ImagesSmallToXL.m"; path = "../../LastFmFetchr/LFMData+ImagesSmallToXL.m"; sourceTree = "<group>"; };
		F447077B17A961D600C1D604 /* LFMAlbum.h */ = {isa = PBXFileReference; fileEncoding = 4; lastKnownFileType = sourcecode.c.h; name = LFMAlbum.h; path = ../../LastFmFetchr/LFMAlbum.h; sourceTree = "<group>"; };
		F447077C17A961D600C1D604 /* LFMAlbum.m */ = {isa = PBXFileReference; fileEncoding = 4; lastKnownFileType = sourcecode.c.objc; name = LFMAlbum.m; path = ../../LastFmFetchr/LFMAlbum.m; sourceTree = "<group>"; };
		F447077E17A9652D00C1D604 /* LFMAlbumTopAlbum.h */ = {isa = PBXFileReference; fileEncoding = 4; lastKnownFileType = sourcecode.c.h; name = LFMAlbumTopAlbum.h; path = ../../LastFmFetchr/LFMAlbumTopAlbum.h; sourceTree = "<group>"; };
		F447077F17A9652D00C1D604 /* LFMAlbumTopAlbum.m */ = {isa = PBXFileReference; fileEncoding = 4; lastKnownFileType = sourcecode.c.objc; name = LFMAlbumTopAlbum.m; path = ../../LastFmFetchr/LFMAlbumTopAlbum.m; sourceTree = "<group>"; };
		F4A508521821A62D00D8179F /* LFMArtist.h */ = {isa = PBXFileReference; fileEncoding = 4; lastKnownFileType = sourcecode.c.h; name = LFMArtist.h; path = ../../LastFmFetchr/LFMArtist.h; sourceTree = "<group>"; };
		F4A508531821A62D00D8179F /* LFMArtist.m */ = {isa = PBXFileReference; fileEncoding = 4; lastKnownFileType = sourcecode.c.objc; name = LFMArtist.m; path = ../../LastFmFetchr/LFMArtist.m; sourceTree = "<group>"; };
		F4A7C111179D7B1F00FB7CC3 /* LastFmFetchr.app */ = {isa = PBXFileReference; explicitFileType = wrapper.application; includeInIndex = 0; path = LastFmFetchr.app; sourceTree = BUILT_PRODUCTS_DIR; };
		F4A7C114179D7B1F00FB7CC3 /* UIKit.framework */ = {isa = PBXFileReference; lastKnownFileType = wrapper.framework; name = UIKit.framework; path = System/Library/Frameworks/UIKit.framework; sourceTree = SDKROOT; };
		F4A7C116179D7B1F00FB7CC3 /* Foundation.framework */ = {isa = PBXFileReference; lastKnownFileType = wrapper.framework; name = Foundation.framework; path = System/Library/Frameworks/Foundation.framework; sourceTree = SDKROOT; };
		F4A7C118179D7B1F00FB7CC3 /* CoreGraphics.framework */ = {isa = PBXFileReference; lastKnownFileType = wrapper.framework; name = CoreGraphics.framework; path = System/Library/Frameworks/CoreGraphics.framework; sourceTree = SDKROOT; };
		F4A7C11C179D7B1F00FB7CC3 /* LastFmFetchr-Info.plist */ = {isa = PBXFileReference; lastKnownFileType = text.plist.xml; path = "LastFmFetchr-Info.plist"; sourceTree = "<group>"; };
		F4A7C11E179D7B1F00FB7CC3 /* en */ = {isa = PBXFileReference; lastKnownFileType = text.plist.strings; name = en; path = en.lproj/InfoPlist.strings; sourceTree = "<group>"; };
		F4A7C120179D7B1F00FB7CC3 /* main.m */ = {isa = PBXFileReference; lastKnownFileType = sourcecode.c.objc; path = main.m; sourceTree = "<group>"; };
		F4A7C122179D7B1F00FB7CC3 /* LastFmFetchr-Prefix.pch */ = {isa = PBXFileReference; lastKnownFileType = sourcecode.c.h; path = "LastFmFetchr-Prefix.pch"; sourceTree = "<group>"; };
		F4A7C123179D7B1F00FB7CC3 /* AppDelegate.h */ = {isa = PBXFileReference; lastKnownFileType = sourcecode.c.h; path = AppDelegate.h; sourceTree = "<group>"; };
		F4A7C124179D7B1F00FB7CC3 /* AppDelegate.m */ = {isa = PBXFileReference; lastKnownFileType = sourcecode.c.objc; path = AppDelegate.m; sourceTree = "<group>"; };
		F4A7C126179D7B1F00FB7CC3 /* Default.png */ = {isa = PBXFileReference; lastKnownFileType = image.png; path = Default.png; sourceTree = "<group>"; };
		F4A7C128179D7B1F00FB7CC3 /* Default@2x.png */ = {isa = PBXFileReference; lastKnownFileType = image.png; path = "Default@2x.png"; sourceTree = "<group>"; };
		F4A7C12A179D7B1F00FB7CC3 /* Default-568h@2x.png */ = {isa = PBXFileReference; lastKnownFileType = image.png; path = "Default-568h@2x.png"; sourceTree = "<group>"; };
		F4A7C12D179D7B1F00FB7CC3 /* en */ = {isa = PBXFileReference; lastKnownFileType = file.storyboard; name = en; path = en.lproj/MainStoryboard.storyboard; sourceTree = "<group>"; };
		F4ABF51217A8104000DEF135 /* LFMData.h */ = {isa = PBXFileReference; fileEncoding = 4; lastKnownFileType = sourcecode.c.h; name = LFMData.h; path = ../../LastFmFetchr/LFMData.h; sourceTree = "<group>"; };
		F4ABF51317A8104000DEF135 /* LFMData.m */ = {isa = PBXFileReference; fileEncoding = 4; lastKnownFileType = sourcecode.c.objc; name = LFMData.m; path = ../../LastFmFetchr/LFMData.m; sourceTree = "<group>"; };
		F4ABF51617A8108100DEF135 /* LFMArtistInfo.h */ = {isa = PBXFileReference; fileEncoding = 4; lastKnownFileType = sourcecode.c.h; name = LFMArtistInfo.h; path = ../../LastFmFetchr/LFMArtistInfo.h; sourceTree = "<group>"; };
		F4ABF51717A8108100DEF135 /* LFMArtistInfo.m */ = {isa = PBXFileReference; fileEncoding = 4; lastKnownFileType = sourcecode.c.objc; name = LFMArtistInfo.m; path = ../../LastFmFetchr/LFMArtistInfo.m; sourceTree = "<group>"; };
		F4ABF51917A810DE00DEF135 /* LFMAlbumInfo.h */ = {isa = PBXFileReference; fileEncoding = 4; lastKnownFileType = sourcecode.c.h; name = LFMAlbumInfo.h; path = ../../LastFmFetchr/LFMAlbumInfo.h; sourceTree = "<group>"; };
		F4ABF51A17A810DE00DEF135 /* LFMAlbumInfo.m */ = {isa = PBXFileReference; fileEncoding = 4; lastKnownFileType = sourcecode.c.objc; name = LFMAlbumInfo.m; path = ../../LastFmFetchr/LFMAlbumInfo.m; sourceTree = "<group>"; };
		F4ABF51C17A8111700DEF135 /* LFMArtistsTopAlbums.h */ = {isa = PBXFileReference; fileEncoding = 4; lastKnownFileType = sourcecode.c.h; name = LFMArtistsTopAlbums.h; path = ../../LastFmFetchr/LFMArtistsTopAlbums.h; sourceTree = "<group>"; };
		F4ABF51D17A8111700DEF135 /* LFMArtistsTopAlbums.m */ = {isa = PBXFileReference; fileEncoding = 4; lastKnownFileType = sourcecode.c.objc; name = LFMArtistsTopAlbums.m; path = ../../LastFmFetchr/LFMArtistsTopAlbums.m; sourceTree = "<group>"; };
		F4ED9CE3179D7BE3007C038B /* LastFmFetchr.h */ = {isa = PBXFileReference; fileEncoding = 4; lastKnownFileType = sourcecode.c.h; name = LastFmFetchr.h; path = ../../LastFmFetchr/LastFmFetchr.h; sourceTree = "<group>"; };
		F4ED9CE4179D7BE3007C038B /* LastFmFetchr.m */ = {isa = PBXFileReference; fileEncoding = 4; lastKnownFileType = sourcecode.c.objc; name = LastFmFetchr.m; path = ../../LastFmFetchr/LastFmFetchr.m; sourceTree = "<group>"; };
		FC799CC8DEB24E7698423372 /* Pods.xcconfig */ = {isa = PBXFileReference; includeInIndex = 1; lastKnownFileType = text.xcconfig; name = Pods.xcconfig; path = Pods/Pods.xcconfig; sourceTree = SOURCE_ROOT; };
/* End PBXFileReference section */

/* Begin PBXFrameworksBuildPhase section */
		F4A7C10E179D7B1F00FB7CC3 /* Frameworks */ = {
			isa = PBXFrameworksBuildPhase;
			buildActionMask = 2147483647;
			files = (
				F428593517A55DBD0047297B /* MobileCoreServices.framework in Frameworks */,
				F428593317A55DB60047297B /* SystemConfiguration.framework in Frameworks */,
				F4A7C115179D7B1F00FB7CC3 /* UIKit.framework in Frameworks */,
				F4A7C117179D7B1F00FB7CC3 /* Foundation.framework in Frameworks */,
				F4A7C119179D7B1F00FB7CC3 /* CoreGraphics.framework in Frameworks */,
				D5316BAD425D4DB0AF1A9361 /* libPods.a in Frameworks */,
			);
			runOnlyForDeploymentPostprocessing = 0;
		};
/* End PBXFrameworksBuildPhase section */

/* Begin PBXGroup section */
		F4A7C108179D7B1F00FB7CC3 = {
			isa = PBXGroup;
			children = (
				F4A7C11A179D7B1F00FB7CC3 /* LastFmFetchr */,
				F4ED9CE2179D7B9A007C038B /* Example App */,
				F4A7C113179D7B1F00FB7CC3 /* Frameworks */,
				F4A7C112179D7B1F00FB7CC3 /* Products */,
				FC799CC8DEB24E7698423372 /* Pods.xcconfig */,
			);
			sourceTree = "<group>";
		};
		F4A7C112179D7B1F00FB7CC3 /* Products */ = {
			isa = PBXGroup;
			children = (
				F4A7C111179D7B1F00FB7CC3 /* LastFmFetchr.app */,
			);
			name = Products;
			sourceTree = "<group>";
		};
		F4A7C113179D7B1F00FB7CC3 /* Frameworks */ = {
			isa = PBXGroup;
			children = (
				F428593417A55DBD0047297B /* MobileCoreServices.framework */,
				F428593217A55DB60047297B /* SystemConfiguration.framework */,
				F4A7C114179D7B1F00FB7CC3 /* UIKit.framework */,
				F4A7C116179D7B1F00FB7CC3 /* Foundation.framework */,
				F4A7C118179D7B1F00FB7CC3 /* CoreGraphics.framework */,
				449EFFBCEB0F48E995AF2770 /* libPods.a */,
			);
			name = Frameworks;
			sourceTree = "<group>";
		};
		F4A7C11A179D7B1F00FB7CC3 /* LastFmFetchr */ = {
			isa = PBXGroup;
			children = (
				F4ABF51517A8104C00DEF135 /* Dictionarys  */,
				F4ED9CE3179D7BE3007C038B /* LastFmFetchr.h */,
				F4ED9CE4179D7BE3007C038B /* LastFmFetchr.m */,
			);
			path = LastFmFetchr;
			sourceTree = "<group>";
		};
		F4A7C11B179D7B1F00FB7CC3 /* Supporting Files */ = {
			isa = PBXGroup;
			children = (
				F4A7C11C179D7B1F00FB7CC3 /* LastFmFetchr-Info.plist */,
				F4A7C11D179D7B1F00FB7CC3 /* InfoPlist.strings */,
				F4A7C120179D7B1F00FB7CC3 /* main.m */,
				F4A7C122179D7B1F00FB7CC3 /* LastFmFetchr-Prefix.pch */,
				F4A7C126179D7B1F00FB7CC3 /* Default.png */,
				F4A7C128179D7B1F00FB7CC3 /* Default@2x.png */,
				F4A7C12A179D7B1F00FB7CC3 /* Default-568h@2x.png */,
			);
			name = "Supporting Files";
			sourceTree = "<group>";
		};
		F4ABF51517A8104C00DEF135 /* Dictionarys  */ = {
			isa = PBXGroup;
			children = (
				F4ABF51217A8104000DEF135 /* LFMData.h */,
				F4ABF51317A8104000DEF135 /* LFMData.m */,
				F4375FAD1823B92800E9672C /* LFMData+ImagesSmallToXL.h */,
				F4375FAE1823B92800E9672C /* LFMData+ImagesSmallToXL.m */,
				F4A508521821A62D00D8179F /* LFMArtist.h */,
				F4A508531821A62D00D8179F /* LFMArtist.m */,
				F4ABF51617A8108100DEF135 /* LFMArtistInfo.h */,
				F4ABF51717A8108100DEF135 /* LFMArtistInfo.m */,
				F447077B17A961D600C1D604 /* LFMAlbum.h */,
				F447077C17A961D600C1D604 /* LFMAlbum.m */,
				F447077E17A9652D00C1D604 /* LFMAlbumTopAlbum.h */,
				F447077F17A9652D00C1D604 /* LFMAlbumTopAlbum.m */,
				F4ABF51917A810DE00DEF135 /* LFMAlbumInfo.h */,
				F4ABF51A17A810DE00DEF135 /* LFMAlbumInfo.m */,
				F4ABF51C17A8111700DEF135 /* LFMArtistsTopAlbums.h */,
				F4ABF51D17A8111700DEF135 /* LFMArtistsTopAlbums.m */,
			);
			name = "Dictionarys ";
			sourceTree = "<group>";
		};
		F4ED9CE2179D7B9A007C038B /* Example App */ = {
			isa = PBXGroup;
			children = (
				F4A7C123179D7B1F00FB7CC3 /* AppDelegate.h */,
				F4A7C124179D7B1F00FB7CC3 /* AppDelegate.m */,
				F4A7C12C179D7B1F00FB7CC3 /* MainStoryboard.storyboard */,
				F4A7C11B179D7B1F00FB7CC3 /* Supporting Files */,
			);
			name = "Example App";
			path = LastFmFetchr;
			sourceTree = "<group>";
		};
/* End PBXGroup section */

/* Begin PBXNativeTarget section */
		F4A7C110179D7B1F00FB7CC3 /* LastFmFetchr */ = {
			isa = PBXNativeTarget;
			buildConfigurationList = F4A7C134179D7B1F00FB7CC3 /* Build configuration list for PBXNativeTarget "LastFmFetchr" */;
			buildPhases = (
				D143985C6FFB4C1BA1EC3A07 /* Check Pods Manifest.lock */,
				F4A7C10D179D7B1F00FB7CC3 /* Sources */,
				F4A7C10E179D7B1F00FB7CC3 /* Frameworks */,
				F4A7C10F179D7B1F00FB7CC3 /* Resources */,
				E6C3DE032B5D4BAE858F5BCD /* Copy Pods Resources */,
			);
			buildRules = (
			);
			dependencies = (
			);
			name = LastFmFetchr;
			productName = LastFmFetchr;
			productReference = F4A7C111179D7B1F00FB7CC3 /* LastFmFetchr.app */;
			productType = "com.apple.product-type.application";
		};
/* End PBXNativeTarget section */

/* Begin PBXProject section */
		F4A7C109179D7B1F00FB7CC3 /* Project object */ = {
			isa = PBXProject;
			attributes = {
				LastUpgradeCheck = 0460;
				ORGANIZATIONNAME = edgeguard;
			};
			buildConfigurationList = F4A7C10C179D7B1F00FB7CC3 /* Build configuration list for PBXProject "LastFmFetchr" */;
			compatibilityVersion = "Xcode 3.2";
			developmentRegion = English;
			hasScannedForEncodings = 0;
			knownRegions = (
				en,
			);
			mainGroup = F4A7C108179D7B1F00FB7CC3;
			productRefGroup = F4A7C112179D7B1F00FB7CC3 /* Products */;
			projectDirPath = "";
			projectRoot = "";
			targets = (
				F4A7C110179D7B1F00FB7CC3 /* LastFmFetchr */,
			);
		};
/* End PBXProject section */

/* Begin PBXResourcesBuildPhase section */
		F4A7C10F179D7B1F00FB7CC3 /* Resources */ = {
			isa = PBXResourcesBuildPhase;
			buildActionMask = 2147483647;
			files = (
				F4A7C11F179D7B1F00FB7CC3 /* InfoPlist.strings in Resources */,
				F4A7C127179D7B1F00FB7CC3 /* Default.png in Resources */,
				F4A7C129179D7B1F00FB7CC3 /* Default@2x.png in Resources */,
				F4A7C12B179D7B1F00FB7CC3 /* Default-568h@2x.png in Resources */,
				F4A7C12E179D7B1F00FB7CC3 /* MainStoryboard.storyboard in Resources */,
			);
			runOnlyForDeploymentPostprocessing = 0;
		};
/* End PBXResourcesBuildPhase section */

/* Begin PBXShellScriptBuildPhase section */
		D143985C6FFB4C1BA1EC3A07 /* Check Pods Manifest.lock */ = {
			isa = PBXShellScriptBuildPhase;
			buildActionMask = 2147483647;
			files = (
			);
			inputPaths = (
			);
			name = "Check Pods Manifest.lock";
			outputPaths = (
			);
			runOnlyForDeploymentPostprocessing = 0;
			shellPath = /bin/sh;
			shellScript = "diff \"${PODS_ROOT}/../Podfile.lock\" \"${PODS_ROOT}/Manifest.lock\" > /dev/null\nif [[ $? != 0 ]] ; then\n    cat << EOM\nerror: The sandbox is not in sync with the Podfile.lock. Run 'pod install' or update your CocoaPods installation.\nEOM\n    exit 1\nfi\n";
			showEnvVarsInLog = 0;
		};
		E6C3DE032B5D4BAE858F5BCD /* Copy Pods Resources */ = {
			isa = PBXShellScriptBuildPhase;
			buildActionMask = 2147483647;
			files = (
			);
			inputPaths = (
			);
			name = "Copy Pods Resources";
			outputPaths = (
			);
			runOnlyForDeploymentPostprocessing = 0;
			shellPath = /bin/sh;
			shellScript = "\"${SRCROOT}/Pods/Pods-resources.sh\"\n";
			showEnvVarsInLog = 0;
		};
/* End PBXShellScriptBuildPhase section */

/* Begin PBXSourcesBuildPhase section */
		F4A7C10D179D7B1F00FB7CC3 /* Sources */ = {
			isa = PBXSourcesBuildPhase;
			buildActionMask = 2147483647;
			files = (
				F4A7C121179D7B1F00FB7CC3 /* main.m in Sources */,
				F4A7C125179D7B1F00FB7CC3 /* AppDelegate.m in Sources */,
				F4375FAF1823B92800E9672C /* LFMData+ImagesSmallToXL.m in Sources */,
				F4ED9CE5179D7BE3007C038B /* LastFmFetchr.m in Sources */,
				F4ABF51417A8104000DEF135 /* LFMData.m in Sources */,
				F4ABF51817A8108100DEF135 /* LFMArtistInfo.m in Sources */,
				F4ABF51B17A810DE00DEF135 /* LFMAlbumInfo.m in Sources */,
				F4A508541821A62D00D8179F /* LFMArtist.m in Sources */,
				F4ABF51E17A8111700DEF135 /* LFMArtistsTopAlbums.m in Sources */,
				F447077D17A961D600C1D604 /* LFMAlbum.m in Sources */,
				F447078017A9652D00C1D604 /* LFMAlbumTopAlbum.m in Sources */,
			);
			runOnlyForDeploymentPostprocessing = 0;
		};
/* End PBXSourcesBuildPhase section */

/* Begin PBXVariantGroup section */
		F4A7C11D179D7B1F00FB7CC3 /* InfoPlist.strings */ = {
			isa = PBXVariantGroup;
			children = (
				F4A7C11E179D7B1F00FB7CC3 /* en */,
			);
			name = InfoPlist.strings;
			sourceTree = "<group>";
		};
		F4A7C12C179D7B1F00FB7CC3 /* MainStoryboard.storyboard */ = {
			isa = PBXVariantGroup;
			children = (
				F4A7C12D179D7B1F00FB7CC3 /* en */,
			);
			name = MainStoryboard.storyboard;
			sourceTree = "<group>";
		};
/* End PBXVariantGroup section */

/* Begin XCBuildConfiguration section */
		F4A7C132179D7B1F00FB7CC3 /* Debug */ = {
			isa = XCBuildConfiguration;
			buildSettings = {
				ALWAYS_SEARCH_USER_PATHS = NO;
				CLANG_CXX_LANGUAGE_STANDARD = "gnu++0x";
				CLANG_CXX_LIBRARY = "libc++";
				CLANG_ENABLE_OBJC_ARC = YES;
				CLANG_WARN_CONSTANT_CONVERSION = YES;
				CLANG_WARN_EMPTY_BODY = YES;
				CLANG_WARN_ENUM_CONVERSION = YES;
				CLANG_WARN_INT_CONVERSION = YES;
				CLANG_WARN__DUPLICATE_METHOD_MATCH = YES;
				"CODE_SIGN_IDENTITY[sdk=iphoneos*]" = "iPhone Developer";
				COPY_PHASE_STRIP = NO;
				GCC_C_LANGUAGE_STANDARD = gnu99;
				GCC_DYNAMIC_NO_PIC = NO;
				GCC_OPTIMIZATION_LEVEL = 0;
				GCC_PREPROCESSOR_DEFINITIONS = (
					"DEBUG=1",
					"$(inherited)",
				);
				GCC_SYMBOLS_PRIVATE_EXTERN = NO;
				GCC_WARN_ABOUT_RETURN_TYPE = YES;
				GCC_WARN_UNINITIALIZED_AUTOS = YES;
				GCC_WARN_UNUSED_VARIABLE = YES;
				IPHONEOS_DEPLOYMENT_TARGET = 7.0;
				ONLY_ACTIVE_ARCH = YES;
				SDKROOT = iphoneos;
			};
			name = Debug;
		};
		F4A7C133179D7B1F00FB7CC3 /* Release */ = {
			isa = XCBuildConfiguration;
			buildSettings = {
				ALWAYS_SEARCH_USER_PATHS = NO;
				CLANG_CXX_LANGUAGE_STANDARD = "gnu++0x";
				CLANG_CXX_LIBRARY = "libc++";
				CLANG_ENABLE_OBJC_ARC = YES;
				CLANG_WARN_CONSTANT_CONVERSION = YES;
				CLANG_WARN_EMPTY_BODY = YES;
				CLANG_WARN_ENUM_CONVERSION = YES;
				CLANG_WARN_INT_CONVERSION = YES;
				CLANG_WARN__DUPLICATE_METHOD_MATCH = YES;
				"CODE_SIGN_IDENTITY[sdk=iphoneos*]" = "iPhone Developer";
				COPY_PHASE_STRIP = YES;
				GCC_C_LANGUAGE_STANDARD = gnu99;
				GCC_WARN_ABOUT_RETURN_TYPE = YES;
				GCC_WARN_UNINITIALIZED_AUTOS = YES;
				GCC_WARN_UNUSED_VARIABLE = YES;
				IPHONEOS_DEPLOYMENT_TARGET = 7.0;
				OTHER_CFLAGS = "-DNS_BLOCK_ASSERTIONS=1";
				SDKROOT = iphoneos;
				VALIDATE_PRODUCT = YES;
			};
			name = Release;
		};
		F4A7C135179D7B1F00FB7CC3 /* Debug */ = {
			isa = XCBuildConfiguration;
			baseConfigurationReference = FC799CC8DEB24E7698423372 /* Pods.xcconfig */;
			buildSettings = {
				GCC_PRECOMPILE_PREFIX_HEADER = YES;
				GCC_PREFIX_HEADER = "LastFmFetchr/LastFmFetchr-Prefix.pch";
				INFOPLIST_FILE = "LastFmFetchr/LastFmFetchr-Info.plist";
				PRODUCT_NAME = "$(TARGET_NAME)";
				WRAPPER_EXTENSION = app;
			};
			name = Debug;
		};
		F4A7C136179D7B1F00FB7CC3 /* Release */ = {
			isa = XCBuildConfiguration;
			baseConfigurationReference = FC799CC8DEB24E7698423372 /* Pods.xcconfig */;
			buildSettings = {
				GCC_PRECOMPILE_PREFIX_HEADER = YES;
				GCC_PREFIX_HEADER = "LastFmFetchr/LastFmFetchr-Prefix.pch";
				INFOPLIST_FILE = "LastFmFetchr/LastFmFetchr-Info.plist";
				PRODUCT_NAME = "$(TARGET_NAME)";
				WRAPPER_EXTENSION = app;
			};
			name = Release;
		};
/* End XCBuildConfiguration section */

/* Begin XCConfigurationList section */
		F4A7C10C179D7B1F00FB7CC3 /* Build configuration list for PBXProject "LastFmFetchr" */ = {
			isa = XCConfigurationList;
			buildConfigurations = (
				F4A7C132179D7B1F00FB7CC3 /* Debug */,
				F4A7C133179D7B1F00FB7CC3 /* Release */,
			);
			defaultConfigurationIsVisible = 0;
			defaultConfigurationName = Release;
		};
		F4A7C134179D7B1F00FB7CC3 /* Build configuration list for PBXNativeTarget "LastFmFetchr" */ = {
			isa = XCConfigurationList;
			buildConfigurations = (
				F4A7C135179D7B1F00FB7CC3 /* Debug */,
				F4A7C136179D7B1F00FB7CC3 /* Release */,
			);
			defaultConfigurationIsVisible = 0;
			defaultConfigurationName = Release;
		};
/* End XCConfigurationList section */
	};
	rootObject = F4A7C109179D7B1F00FB7CC3 /* Project object */;
}
